
Microsoft Visual Studio Solution File, Format Version 12.00
# Visual Studio Version 17
VisualStudioVersion = 17.14.37111.16 d17.14
MinimumVisualStudioVersion = 10.0.40219.1
Project("{FAE04EC0-301F-11D3-BF4B-00C04F79EFBC}") = "oop-s2-2-mvc-78368", "oop-s2-2-mvc-78368\oop-s2-2-mvc-78368.csproj", "{217351FD-E276-4B30-849A-F3AC4A5FA49B}"
EndProject
Project("{FAE04EC0-301F-11D3-BF4B-00C04F79EFBC}") = "oop-s2-2-mvc-Tests", "oop-s2-2-mvc-Tests\oop-s2-2-mvc-Tests.csproj", "{49A8DCA0-B1AC-4AB3-8F4B-7A5FEF5D9E5C}"
EndProject
Global
	GlobalSection(SolutionConfigurationPlatforms) = preSolution
		Debug|Any CPU = Debug|Any CPU
		Release|Any CPU = Release|Any CPU
	EndGlobalSection
	GlobalSection(ProjectConfigurationPlatforms) = postSolution
		{217351FD-E276-4B30-849A-F3AC4A5FA49B}.Debug|Any CPU.ActiveCfg = Debug|Any CPU
		{217351FD-E276-4B30-849A-F3AC4A5FA49B}.Debug|Any CPU.Build.0 = Debug|Any CPU
		{217351FD-E276-4B30-849A-F3AC4A5FA49B}.Release|Any CPU.ActiveCfg = Release|Any CPU
		{217351FD-E276-4B30-849A-F3AC4A5FA49B}.Release|Any CPU.Build.0 = Release|Any CPU
		{49A8DCA0-B1AC-4AB3-8F4B-7A5FEF5D9E5C}.Debug|Any CPU.ActiveCfg = Debug|Any CPU
		{49A8DCA0-B1AC-4AB3-8F4B-7A5FEF5D9E5C}.Debug|Any CPU.Build.0 = Debug|Any CPU
		{49A8DCA0-B1AC-4AB3-8F4B-7A5FEF5D9E5C}.Release|Any CPU.ActiveCfg = Release|Any CPU
		{49A8DCA0-B1AC-4AB3-8F4B-7A5FEF5D9E5C}.Release|Any CPU.Build.0 = Release|Any CPU
	EndGlobalSection
	GlobalSection(SolutionProperties) = preSolution
		HideSolutionNode = FALSE
	EndGlobalSection
	GlobalSection(ExtensibilityGlobals) = postSolution
		SolutionGuid = {967DA2B5-C375-47D7-BA5C-F4BCF51F71DF}
	EndGlobalSection
EndGlobal
